{
  "R": {
    "Version": "4.4.0",
    "Repositories": [
      {
        "Name": "CRAN",
        "URL": "https://cloud.r-project.org"
      }
    ]
  },
  "Packages": {
    "CDMConnector": {
      "Package": "CDMConnector",
      "Version": "1.5.0",
      "Source": "Repository",
      "Repository": "CRAN",
      "Requirements": [
        "DBI",
        "R",
        "checkmate",
        "cli",
        "dbplyr",
        "dplyr",
        "fs",
        "generics",
        "glue",
        "jsonlite",
        "lifecycle",
        "methods",
        "omopgenerics",
        "purrr",
        "readr",
        "rlang",
        "stringi",
        "stringr",
        "tidyr",
        "tidyselect",
        "waldo",
        "withr"
      ],
      "Hash": "2bae94aed83da2007c938f3d2fa1a48f"
    },
    "CodelistGenerator": {
      "Package": "CodelistGenerator",
      "Version": "3.2.0",
      "Source": "Repository",
      "Repository": "CRAN",
      "Requirements": [
        "DBI",
        "PatientProfiles",
        "R",
        "RJSONIO",
        "checkmate",
        "cli",
        "dplyr",
        "glue",
        "lifecycle",
        "lubridate",
        "magrittr",
        "omopgenerics",
        "purrr",
        "rlang",
        "stringr",
        "tidyr",
        "tidyselect",
        "vctrs",
        "visOmopResults"
      ],
      "Hash": "6fe0971fca9c57721e4734a3e5c27d98"
    },
    "DBI": {
      "Package": "DBI",
      "Version": "1.2.3",
      "Source": "Repository",
      "Repository": "CRAN",
      "Requirements": [
        "R",
        "methods"
      ],
      "Hash": "065ae649b05f1ff66bb0c793107508f5"
    },
    "DrugUtilisation": {
      "Package": "DrugUtilisation",
      "Version": "0.7.1",
      "Source": "Repository",
      "Repository": "CRAN",
      "Requirements": [
        "CDMConnector",
        "CodelistGenerator",
        "PatientProfiles",
        "R",
        "checkmate",
        "cli",
        "clock",
        "dbplyr",
        "dplyr",
        "glue",
        "lifecycle",
        "omopgenerics",
        "purrr",
        "rlang",
        "stringr",
        "tidyr",
        "visOmopResults"
      ],
      "Hash": "38ed0e5274c5d81fa6d965c3cdae15db"
    },
    "IncidencePrevalence": {
      "Package": "IncidencePrevalence",
      "Version": "0.7.4",
      "Source": "Repository",
      "Repository": "CRAN",
      "Requirements": [
        "CDMConnector",
        "PatientProfiles",
        "R",
        "checkmate",
        "cli",
        "clock",
        "dbplyr",
        "dplyr",
        "glue",
        "lifecycle",
        "lubridate",
        "magrittr",
        "omopgenerics",
        "purrr",
        "rlang",
        "stringr",
        "tidyr",
        "visOmopResults"
      ],
      "Hash": "644352fe1c48cab082e268f0c5a04002"
    },
    "PatientProfiles": {
      "Package": "PatientProfiles",
      "Version": "1.2.0",
      "Source": "Repository",
      "Repository": "CRAN",
      "Requirements": [
        "CDMConnector",
        "R",
        "cli",
        "dplyr",
        "lifecycle",
        "magrittr",
        "omopgenerics",
        "purrr",
        "rlang",
        "stringr",
        "tidyr",
        "visOmopResults"
      ],
      "Hash": "7923f16a151c8d02eefbf31489219764"
    },
    "R6": {
      "Package": "R6",
      "Version": "2.5.1",
      "Source": "Repository",
      "Repository": "CRAN",
      "Requirements": [
        "R"
      ],
      "Hash": "470851b6d5d0ac559e9d01bb352b4021"
    },
    "RJSONIO": {
      "Package": "RJSONIO",
      "Version": "1.3-1.9",
      "Source": "Repository",
      "Repository": "CRAN",
      "Requirements": [
        "methods"
      ],
      "Hash": "2f89abc0f88c647d3386c672632f4baf"
    },
    "RPostgres": {
      "Package": "RPostgres",
      "Version": "1.4.7",
      "Source": "Repository",
      "Repository": "CRAN",
      "Requirements": [
        "DBI",
        "R",
        "bit64",
        "blob",
        "cpp11",
        "hms",
        "lubridate",
        "methods",
        "plogr",
        "withr"
      ],
      "Hash": "beb7e18bf3f9e096f716a52a77ec793c"
    },
    "backports": {
      "Package": "backports",
      "Version": "1.5.0",
      "Source": "Repository",
      "Repository": "CRAN",
      "Requirements": [
        "R"
      ],
      "Hash": "e1e1b9d75c37401117b636b7ae50827a"
    },
    "bit": {
      "Package": "bit",
      "Version": "4.5.0",
      "Source": "Repository",
      "Repository": "CRAN",
      "Requirements": [
        "R"
      ],
      "Hash": "5dc7b2677d65d0e874fc4aaf0e879987"
    },
    "bit64": {
      "Package": "bit64",
      "Version": "4.5.2",
      "Source": "Repository",
      "Repository": "CRAN",
      "Requirements": [
        "R",
        "bit",
        "methods",
        "stats",
        "utils"
      ],
      "Hash": "e84984bf5f12a18628d9a02322128dfd"
    },
    "blob": {
      "Package": "blob",
      "Version": "1.2.4",
      "Source": "Repository",
      "Repository": "CRAN",
      "Requirements": [
        "methods",
        "rlang",
        "vctrs"
      ],
      "Hash": "40415719b5a479b87949f3aa0aee737c"
    },
    "checkmate": {
      "Package": "checkmate",
      "Version": "2.3.2",
      "Source": "Repository",
      "Repository": "CRAN",
      "Requirements": [
        "R",
        "backports",
        "utils"
      ],
      "Hash": "0e14e01ce07e7c88fd25de6d4260d26b"
    },
    "cli": {
      "Package": "cli",
      "Version": "3.6.3",
      "Source": "Repository",
      "Repository": "CRAN",
      "Requirements": [
        "R",
        "utils"
      ],
      "Hash": "b21916dd77a27642b447374a5d30ecf3"
    },
    "clipr": {
      "Package": "clipr",
      "Version": "0.8.0",
      "Source": "Repository",
      "Repository": "CRAN",
      "Requirements": [
        "utils"
      ],
      "Hash": "3f038e5ac7f41d4ac41ce658c85e3042"
    },
    "clock": {
      "Package": "clock",
      "Version": "0.7.1",
      "Source": "Repository",
      "Repository": "CRAN",
      "Requirements": [
        "R",
        "cli",
        "cpp11",
        "lifecycle",
        "rlang",
        "tzdb",
        "vctrs"
      ],
      "Hash": "3dcaebd52554438d12989e5061e15de8"
    },
    "cpp11": {
      "Package": "cpp11",
      "Version": "0.5.0",
      "Source": "Repository",
      "Repository": "CRAN",
      "Requirements": [
        "R"
      ],
      "Hash": "91570bba75d0c9d3f1040c835cee8fba"
    },
    "crayon": {
      "Package": "crayon",
      "Version": "1.5.3",
      "Source": "Repository",
      "Repository": "CRAN",
      "Requirements": [
        "grDevices",
        "methods",
        "utils"
      ],
      "Hash": "859d96e65ef198fd43e82b9628d593ef"
    },
    "dbplyr": {
      "Package": "dbplyr",
      "Version": "2.5.0",
      "Source": "Repository",
      "Repository": "CRAN",
      "Requirements": [
        "DBI",
        "R",
        "R6",
        "blob",
        "cli",
        "dplyr",
        "glue",
        "lifecycle",
        "magrittr",
        "methods",
        "pillar",
        "purrr",
        "rlang",
        "tibble",
        "tidyr",
        "tidyselect",
        "utils",
        "vctrs",
        "withr"
      ],
      "Hash": "39b2e002522bfd258039ee4e889e0fd1"
    },
    "diffobj": {
      "Package": "diffobj",
      "Version": "0.3.5",
      "Source": "Repository",
      "Repository": "CRAN",
      "Requirements": [
        "R",
        "crayon",
        "methods",
        "stats",
        "tools",
        "utils"
      ],
      "Hash": "bcaa8b95f8d7d01a5dedfd959ce88ab8"
    },
    "dplyr": {
      "Package": "dplyr",
      "Version": "1.1.4",
      "Source": "Repository",
      "Repository": "CRAN",
      "Requirements": [
        "R",
        "R6",
        "cli",
        "generics",
        "glue",
        "lifecycle",
        "magrittr",
        "methods",
        "pillar",
        "rlang",
        "tibble",
        "tidyselect",
        "utils",
        "vctrs"
      ],
      "Hash": "fedd9d00c2944ff00a0e2696ccf048ec"
    },
    "fansi": {
      "Package": "fansi",
      "Version": "1.0.6",
      "Source": "Repository",
      "Repository": "CRAN",
      "Requirements": [
        "R",
        "grDevices",
        "utils"
      ],
      "Hash": "962174cf2aeb5b9eea581522286a911f"
    },
    "fs": {
      "Package": "fs",
      "Version": "1.6.4",
      "Source": "Repository",
      "Repository": "CRAN",
      "Requirements": [
        "R",
        "methods"
      ],
      "Hash": "15aeb8c27f5ea5161f9f6a641fafd93a"
    },
    "generics": {
      "Package": "generics",
      "Version": "0.1.3",
      "Source": "Repository",
      "Repository": "CRAN",
      "Requirements": [
        "R",
        "methods"
      ],
      "Hash": "15e9634c0fcd294799e9b2e929ed1b86"
    },
    "glue": {
      "Package": "glue",
      "Version": "1.8.0",
      "Source": "Repository",
      "Repository": "CRAN",
      "Requirements": [
        "R",
        "methods"
      ],
      "Hash": "5899f1eaa825580172bb56c08266f37c"
    },
    "here": {
      "Package": "here",
      "Version": "1.0.1",
      "Source": "Repository",
      "Repository": "CRAN",
      "Requirements": [
        "rprojroot"
      ],
      "Hash": "24b224366f9c2e7534d2344d10d59211"
    },
    "hms": {
      "Package": "hms",
      "Version": "1.1.3",
      "Source": "Repository",
      "Repository": "CRAN",
      "Requirements": [
        "lifecycle",
        "methods",
        "pkgconfig",
        "rlang",
        "vctrs"
      ],
      "Hash": "b59377caa7ed00fa41808342002138f9"
    },
    "jsonlite": {
      "Package": "jsonlite",
      "Version": "1.8.9",
      "Source": "Repository",
      "Repository": "CRAN",
      "Requirements": [
        "methods"
      ],
      "Hash": "4e993b65c2c3ffbffce7bb3e2c6f832b"
    },
    "lifecycle": {
      "Package": "lifecycle",
      "Version": "1.0.4",
      "Source": "Repository",
      "Repository": "CRAN",
      "Requirements": [
        "R",
        "cli",
        "glue",
        "rlang"
      ],
      "Hash": "b8552d117e1b808b09a832f589b79035"
    },
    "log4r": {
      "Package": "log4r",
      "Version": "0.4.3",
      "Source": "Repository",
      "Repository": "CRAN",
      "Hash": "2e3b3470a4f186d4ae1d71cc374446d9"
    },
    "lubridate": {
      "Package": "lubridate",
      "Version": "1.9.3",
      "Source": "Repository",
      "Repository": "CRAN",
      "Requirements": [
        "R",
        "generics",
        "methods",
        "timechange"
      ],
      "Hash": "680ad542fbcf801442c83a6ac5a2126c"
    },
    "magrittr": {
      "Package": "magrittr",
      "Version": "2.0.3",
      "Source": "Repository",
      "Repository": "CRAN",
      "Requirements": [
        "R"
      ],
      "Hash": "7ce2733a9826b3aeb1775d56fd305472"
    },
    "omopgenerics": {
      "Package": "omopgenerics",
      "Version": "0.3.1",
      "Source": "Repository",
      "Repository": "CRAN",
      "Requirements": [
        "R",
        "cli",
        "dbplyr",
        "dplyr",
        "glue",
        "lifecycle",
        "methods",
        "purrr",
        "rlang",
        "snakecase",
        "stringr",
        "tidyr",
        "vctrs"
      ],
      "Hash": "c17db6329c631b9010951ad112341ba3"
    },
    "pillar": {
      "Package": "pillar",
      "Version": "1.9.0",
      "Source": "Repository",
      "Repository": "CRAN",
      "Requirements": [
        "cli",
        "fansi",
        "glue",
        "lifecycle",
        "rlang",
        "utf8",
        "utils",
        "vctrs"
      ],
      "Hash": "15da5a8412f317beeee6175fbc76f4bb"
    },
    "pkgconfig": {
      "Package": "pkgconfig",
      "Version": "2.0.3",
      "Source": "Repository",
      "Repository": "CRAN",
      "Requirements": [
        "utils"
      ],
      "Hash": "01f28d4278f15c76cddbea05899c5d6f"
    },
    "plogr": {
      "Package": "plogr",
      "Version": "0.2.0",
      "Source": "Repository",
      "Repository": "CRAN",
      "Hash": "09eb987710984fc2905c7129c7d85e65"
    },
    "prettyunits": {
      "Package": "prettyunits",
      "Version": "1.2.0",
      "Source": "Repository",
      "Repository": "CRAN",
      "Requirements": [
        "R"
      ],
      "Hash": "6b01fc98b1e86c4f705ce9dcfd2f57c7"
    },
    "progress": {
      "Package": "progress",
      "Version": "1.2.3",
      "Source": "Repository",
      "Repository": "CRAN",
      "Requirements": [
        "R",
        "R6",
        "crayon",
        "hms",
        "prettyunits"
      ],
      "Hash": "f4625e061cb2865f111b47ff163a5ca6"
    },
    "purrr": {
      "Package": "purrr",
      "Version": "1.0.2",
      "Source": "Repository",
      "Repository": "CRAN",
      "Requirements": [
        "R",
        "cli",
        "lifecycle",
        "magrittr",
        "rlang",
        "vctrs"
      ],
      "Hash": "1cba04a4e9414bdefc9dcaa99649a8dc"
    },
    "readr": {
      "Package": "readr",
      "Version": "2.1.5",
      "Source": "Repository",
      "Repository": "CRAN",
      "Requirements": [
        "R",
        "R6",
        "cli",
        "clipr",
        "cpp11",
        "crayon",
        "hms",
        "lifecycle",
        "methods",
        "rlang",
        "tibble",
        "tzdb",
        "utils",
        "vroom"
      ],
      "Hash": "9de96463d2117f6ac49980577939dfb3"
    },
    "rematch2": {
      "Package": "rematch2",
      "Version": "2.1.2",
      "Source": "Repository",
      "Repository": "CRAN",
      "Requirements": [
        "tibble"
      ],
      "Hash": "76c9e04c712a05848ae7a23d2f170a40"
    },
    "renv": {
      "Package": "renv",
      "Version": "0.17.3",
      "Source": "Repository",
      "Repository": "CRAN",
      "Requirements": [
        "utils"
      ],
      "Hash": "4543b8cd233ae25c6aba8548be9e747e"
    },
    "rlang": {
      "Package": "rlang",
      "Version": "1.1.4",
      "Source": "Repository",
      "Repository": "CRAN",
      "Requirements": [
        "R",
        "utils"
      ],
      "Hash": "3eec01f8b1dee337674b2e34ab1f9bc1"
    },
    "rprojroot": {
      "Package": "rprojroot",
      "Version": "2.0.4",
      "Source": "Repository",
      "Repository": "CRAN",
      "Requirements": [
        "R"
      ],
      "Hash": "4c8415e0ec1e29f3f4f6fc108bef0144"
    },
    "snakecase": {
      "Package": "snakecase",
      "Version": "0.11.1",
      "Source": "Repository",
      "Repository": "CRAN",
      "Requirements": [
        "R",
        "stringi",
        "stringr"
      ],
      "Hash": "58767e44739b76965332e8a4fe3f91f1"
    },
    "stringi": {
      "Package": "stringi",
      "Version": "1.8.4",
      "Source": "Repository",
      "Repository": "CRAN",
      "Requirements": [
        "R",
        "stats",
        "tools",
        "utils"
      ],
      "Hash": "39e1144fd75428983dc3f63aa53dfa91"
    },
    "stringr": {
      "Package": "stringr",
      "Version": "1.5.1",
      "Source": "Repository",
      "Repository": "CRAN",
      "Requirements": [
        "R",
        "cli",
        "glue",
        "lifecycle",
        "magrittr",
        "rlang",
        "stringi",
        "vctrs"
      ],
      "Hash": "960e2ae9e09656611e0b8214ad543207"
    },
    "tibble": {
      "Package": "tibble",
      "Version": "3.2.1",
      "Source": "Repository",
      "Repository": "CRAN",
      "Requirements": [
        "R",
        "fansi",
        "lifecycle",
        "magrittr",
        "methods",
        "pillar",
        "pkgconfig",
        "rlang",
        "utils",
        "vctrs"
      ],
      "Hash": "a84e2cc86d07289b3b6f5069df7a004c"
    },
    "tidyr": {
      "Package": "tidyr",
      "Version": "1.3.1",
      "Source": "Repository",
      "Repository": "CRAN",
      "Requirements": [
        "R",
        "cli",
        "cpp11",
        "dplyr",
        "glue",
        "lifecycle",
        "magrittr",
        "purrr",
        "rlang",
        "stringr",
        "tibble",
        "tidyselect",
        "utils",
        "vctrs"
      ],
      "Hash": "915fb7ce036c22a6a33b5a8adb712eb1"
    },
    "tidyselect": {
      "Package": "tidyselect",
      "Version": "1.2.1",
      "Source": "Repository",
      "Repository": "CRAN",
      "Requirements": [
        "R",
        "cli",
        "glue",
        "lifecycle",
        "rlang",
        "vctrs",
        "withr"
      ],
      "Hash": "829f27b9c4919c16b593794a6344d6c0"
    },
    "timechange": {
      "Package": "timechange",
      "Version": "0.3.0",
      "Source": "Repository",
      "Repository": "CRAN",
      "Requirements": [
        "R",
        "cpp11"
      ],
      "Hash": "c5f3c201b931cd6474d17d8700ccb1c8"
    },
    "tzdb": {
      "Package": "tzdb",
      "Version": "0.4.0",
      "Source": "Repository",
      "Repository": "CRAN",
      "Requirements": [
        "R",
        "cpp11"
      ],
      "Hash": "f561504ec2897f4d46f0c7657e488ae1"
    },
    "utf8": {
      "Package": "utf8",
      "Version": "1.2.4",
      "Source": "Repository",
      "Repository": "CRAN",
      "Requirements": [
        "R"
      ],
      "Hash": "62b65c52671e6665f803ff02954446e9"
    },
    "vctrs": {
      "Package": "vctrs",
      "Version": "0.6.5",
      "Source": "Repository",
      "Repository": "CRAN",
      "Requirements": [
        "R",
        "cli",
        "glue",
        "lifecycle",
        "rlang"
      ],
      "Hash": "c03fa420630029418f7e6da3667aac4a"
    },
    "visOmopResults": {
      "Package": "visOmopResults",
      "Version": "0.4.0",
      "Source": "Repository",
      "Repository": "CRAN",
      "Requirements": [
        "cli",
        "dplyr",
        "generics",
        "glue",
        "lifecycle",
        "omopgenerics",
        "purrr",
        "rlang",
        "stringr",
        "tidyr"
      ],
      "Hash": "6c41fbd15141fb7d729ee868b4a2ce99"
    },
    "vroom": {
      "Package": "vroom",
      "Version": "1.6.5",
      "Source": "Repository",
      "Repository": "CRAN",
      "Requirements": [
        "R",
        "bit64",
        "cli",
        "cpp11",
        "crayon",
        "glue",
        "hms",
        "lifecycle",
        "methods",
        "progress",
        "rlang",
        "stats",
        "tibble",
        "tidyselect",
        "tzdb",
        "vctrs",
        "withr"
      ],
      "Hash": "390f9315bc0025be03012054103d227c"
    },
    "waldo": {
      "Package": "waldo",
      "Version": "0.5.3",
      "Source": "Repository",
      "Repository": "CRAN",
      "Requirements": [
        "R",
        "cli",
        "diffobj",
        "glue",
        "methods",
        "rematch2",
        "rlang",
        "tibble"
      ],
      "Hash": "16aa934a49658677d8041df9017329b9"
    },
    "withr": {
      "Package": "withr",
      "Version": "3.0.1",
      "Source": "Repository",
      "Repository": "CRAN",
      "Requirements": [
        "R",
        "grDevices",
        "graphics"
      ],
      "Hash": "07909200e8bbe90426fbfeb73e1e27aa"
    },
    "zip": {
      "Package": "zip",
      "Version": "2.3.1",
      "Source": "Repository",
      "Repository": "CRAN",
      "Hash": "fcc4bd8e6da2d2011eb64a5e5cc685ab"
    }
  }
}
